dependencies:
  espressif/cmake_utilities:
    component_hash: 351350613ceafba240b761b4ea991e0f231ac7a9f59a9ee901f751bddc0bb18f
    dependencies:
    - name: idf
      require: private
      version: '>=4.1'
    source:
      registry_url: https://components.espressif.com/
      type: service
    version: 0.5.3
  espressif/esp_codec_dev:
    component_hash: 014948481bda426cd46714f297fe1891711246c62bea288863a8cc8cf13ef1f0
    dependencies:
    - name: idf
      require: private
      version: '>=4.0'
    source:
      registry_url: https://components.espressif.com/
      type: service
    version: 1.2.0
  espressif/esp_h264:
    component_hash: 5ccc09adefccabade1530b9dd106d07c3c96e991dc35b5516063165ef60c5646
    dependencies:
    - name: idf
      require: private
      version: '>=4.4'
    source:
      registry_url: https://components.espressif.com/
      type: service
    targets:
    - esp32s3
    - esp32s31
    - esp32p4
    version: 1.3.6
  espressif/esp_lcd_st7701:
    dependencies:
    - name: espressif/cmake_utilities
      version: 0.*
    - name: idf
      version: '>=5.4'
    source:
      path: $PET_P4_PROJECT_DIR/components/esp_lcd_st7701
      type: local
    targets:
    - esp32s3
    - esp32s31
    - esp32p4
    version: 2.0.2~2
  espressif/esp_lcd_touch:
    component_hash: 3f85a7d95af876f1a6ecca8eb90a81614890d0f03a038390804e5a77e2caf862
    dependencies:
    - name: idf
      require: private
      version: '>=4.4.2'
    source:
      registry_url: https://components.espressif.com
      type: service
    version: 1.2.1
  espressif/esp_lcd_touch_gt911:
    component_hash: 07f678e4202d79bbad917805dcec4134ff08344177720f32ec4898267ad9e394
    dependencies:
    - name: espressif/esp_lcd_touch
      registry_url: https://components.espressif.com
      require: public
      version: ^1.2.0
    - name: idf
      require: private
      version: '>=5.2'
    source:
      registry_url: https://components.espressif.com/
      type: service
    version: 1.2.0~3
  espressif/esp_lvgl_adapter:
    dependencies:
    - name: idf
      version: '>=5.5'
    source:
      path: $PET_P4_PROJECT_DIR/components/esp_lvgl_adapter
      type: local
    version: 0.0.0
  espressif/tinyusb:
    component_hash: a72b7d67472914ab76309340fd50d578b31e310963d45ad0f81144bde3314752
    dependencies:
    - name: idf
      require: private
      version: '>=5.0'
    source:
      registry_url: https://components.espressif.com/
      type: service
    targets:
    - esp32s2
    - esp32s3
    - esp32p4
    - esp32h4
    - esp32s31
    version: 0.21.0~1
  idf:
    source:
      type: idf
    version: 5.5.1
  lvgl/lvgl:
    component_hash: 17e68bfd21f0edf4c3ee838e2273da840bf3930e5dbc3bfa6c1190c3aed41f9f
    dependencies: []
    source:
      registry_url: https://components.espressif.com/
      type: service
    version: 9.4.0
  waveshare/esp32_p4_wifi6_touch_lcd_4_3:
    dependencies:
    - name: espressif/esp_codec_dev
      public: true
      version: 1.2.*
    - name: espressif/esp_lcd_touch_gt911
      version: ^1
    - name: espressif/esp_lvgl_adapter
      pre_release: true
      public: true
      version: ^0.1.*
    - name: idf
      version: '>=5.4'
    - name: lvgl/lvgl
      public: true
      version: 9.4.0
    - name: espressif/esp_lcd_st7701
      version: '*'
    source:
      path: $PET_P4_PROJECT_DIR/components/esp32_p4_wifi6_touch_lcd_4_3
      type: local
    targets:
    - esp32p4
    version: 1.0.1
direct_dependencies:
- espressif/cmake_utilities
- espressif/esp_codec_dev
- espressif/esp_h264
- espressif/esp_lcd_st7701
- espressif/esp_lcd_touch_gt911
- espressif/esp_lvgl_adapter
- espressif/tinyusb
- idf
- lvgl/lvgl
- waveshare/esp32_p4_wifi6_touch_lcd_4_3
manifest_hash: 0f5e716a9dec20c5b078a89b20e45d49ceb87364ec57b4b6a5c4cb5c978b5549
target: esp32p4
version: 2.0.0
